<?xml version="1.0" encoding="utf-8"?>
<Project ToolsVersion="4.0" xmlns="http://schemas.microsoft.com/developer/msbuild/2003">
  <ItemGroup>
    <Filter Include="源文件">
      <UniqueIdentifier>{4FC737F1-C7A5-4376-A066-2A32D752A2FF}</UniqueIdentifier>
      <Extensions>cpp;c;cc;cxx;c++;cppm;ixx;def;odl;idl;hpj;bat;asm;asmx</Extensions>
    </Filter>
    <Filter Include="头文件">
      <UniqueIdentifier>{93995380-89BD-4b04-88EB-625FBE52EBFB}</UniqueIdentifier>
      <Extensions>h;hh;hpp;hxx;h++;hm;inl;inc;ipp;xsd</Extensions>
    </Filter>
    <Filter Include="资源文件">
      <UniqueIdentifier>{67DA6AB6-F800-4c08-8B7A-83BB121AAD01}</UniqueIdentifier>
      <Extensions>rc;ico;cur;bmp;dlg;rc2;rct;bin;rgs;gif;jpg;jpeg;jpe;resx;tiff;tif;png;wav;mfcribbon-ms</Extensions>
    </Filter>
  </ItemGroup>
  <ItemGroup>
    <ClCompile Include="main.cpp">
      <Filter>源文件</Filter>
    </ClCompile>
  </ItemGroup>
  <ItemGroup>
    <ClInclude Include="Land.h">
      <Filter>头文件</Filter>
    </ClInclude>
    <ClInclude Include="Scene.h">
      <Filter>头文件</Filter>
    </ClInclude>
    <ClInclude Include="EasyXPng.h">
      <Filter>头文件</Filter>
    </ClInclude>
    <ClInclude Include="Timer.h">
      <Filter>头文件</Filter>
    </ClInclude>
    <ClInclude Include="Player.h">
      <Filter>头文件</Filter>
    </ClInclude>
    <ClInclude Include="Ladder.h">
      <Filter>头文件</Filter>
    </ClInclude>
    <ClInclude Include="Star.h">
      <Filter>头文件</Filter>
    </ClInclude>
    <ClInclude Include="MusicPlayer.h">
      <Filter>头文件</Filter>
    </ClInclude>
    <ClInclude Include="HealthHeart.h">
      <Filter>头文件</Filter>
    </ClInclude>
    <ClInclude Include="GroundThorn.h">
      <Filter>头文件</Filter>
    </ClInclude>
  </ItemGroup>
  <ItemGroup>
    <Image Include="star.png">
      <Filter>资源文件</Filter>
    </Image>
    <Image Include="Standright.png">
      <Filter>资源文件</Filter>
    </Image>
    <Image Include="Standleft.png">
      <Filter>资源文件</Filter>
    </Image>
    <Image Include="SOIL_BLOCK7.png">
      <Filter>资源文件</Filter>
    </Image>
    <Image Include="SOIL_BLOCK6.png">
      <Filter>资源文件</Filter>
    </Image>
    <Image Include="SOIL_BLOCK5.png">
      <Filter>资源文件</Filter>
    </Image>
    <Image Include="SOIL_BLOCK4.png">
      <Filter>资源文件</Filter>
    </Image>
    <Image Include="SOIL_BLOCK3.png">
      <Filter>资源文件</Filter>
    </Image>
    <Image Include="SOIL_BLOCK2.png">
      <Filter>资源文件</Filter>
    </Image>
    <Image Include="SOIL_BLOCK1.png">
      <Filter>资源文件</Filter>
    </Image>
    <Image Include="SOIL_BLOCK0.png">
      <Filter>资源文件</Filter>
    </Image>
    <Image Include="snow3.png">
      <Filter>资源文件</Filter>
    </Image>
    <Image Include="snow2.png">
      <Filter>资源文件</Filter>
    </Image>
    <Image Include="snow1.png">
      <Filter>资源文件</Filter>
    </Image>
    <Image Include="snow0.png">
      <Filter>资源文件</Filter>
    </Image>
    <Image Include="SNOW_BLOCK7.png">
      <Filter>资源文件</Filter>
    </Image>
    <Image Include="SNOW_BLOCK6.png">
      <Filter>资源文件</Filter>
    </Image>
    <Image Include="SNOW_BLOCK5.png">
      <Filter>资源文件</Filter>
    </Image>
    <Image Include="SNOW_BLOCK4.png">
      <Filter>资源文件</Filter>
    </Image>
    <Image Include="SNOW_BLOCK3.png">
      <Filter>资源文件</Filter>
    </Image>
    <Image Include="SNOW_BLOCK2.png">
      <Filter>资源文件</Filter>
    </Image>
    <Image Include="SNOW_BLOCK1.png">
      <Filter>资源文件</Filter>
    </Image>
    <Image Include="SNOW_BLOCK0.png">
      <Filter>资源文件</Filter>
    </Image>
    <Image Include="Runright.png">
      <Filter>资源文件</Filter>
    </Image>
    <Image Include="Runleft.png">
      <Filter>资源文件</Filter>
    </Image>
    <Image Include="landscape1.png">
      <Filter>资源文件</Filter>
    </Image>
    <Image Include="LadderTop.png">
      <Filter>资源文件</Filter>
    </Image>
    <Image Include="Ladder.png">
      <Filter>资源文件</Filter>
    </Image>
    <Image Include="Jumpright.png">
      <Filter>资源文件</Filter>
    </Image>
    <Image Include="Jumpleft.png">
      <Filter>资源文件</Filter>
    </Image>
    <Image Include="heart_half.png">
      <Filter>资源文件</Filter>
    </Image>
    <Image Include="heart_full.png">
      <Filter>资源文件</Filter>
    </Image>
    <Image Include="heart_empty.png">
      <Filter>资源文件</Filter>
    </Image>
    <Image Include="groundthorn.png">
      <Filter>资源文件</Filter>
    </Image>
    <Image Include="grass3.png">
      <Filter>资源文件</Filter>
    </Image>
    <Image Include="grass2.png">
      <Filter>资源文件</Filter>
    </Image>
    <Image Include="grass1.png">
      <Filter>资源文件</Filter>
    </Image>
    <Image Include="grass0.png">
      <Filter>资源文件</Filter>
    </Image>
    <Image Include="GRASS_BLOCK7.png">
      <Filter>资源文件</Filter>
    </Image>
    <Image Include="GRASS_BLOCK6.png">
      <Filter>资源文件</Filter>
    </Image>
    <Image Include="GRASS_BLOCK5.png">
      <Filter>资源文件</Filter>
    </Image>
    <Image Include="GRASS_BLOCK4.png">
      <Filter>资源文件</Filter>
    </Image>
    <Image Include="GRASS_BLOCK3.png">
      <Filter>资源文件</Filter>
    </Image>
    <Image Include="GRASS_BLOCK2.png">
      <Filter>资源文件</Filter>
    </Image>
    <Image Include="GRASS_BLOCK1.png">
      <Filter>资源文件</Filter>
    </Image>
    <Image Include="GRASS_BLOCK0.png">
      <Filter>资源文件</Filter>
    </Image>
    <Image Include="DIRT_PATH66.png">
      <Filter>资源文件</Filter>
    </Image>
    <Image Include="DIRT_PATH7.png">
      <Filter>资源文件</Filter>
    </Image>
    <Image Include="DIRT_PATH6.png">
      <Filter>资源文件</Filter>
    </Image>
    <Image Include="DIRT_PATH5.png">
      <Filter>资源文件</Filter>
    </Image>
    <Image Include="DIRT_PATH4.png">
      <Filter>资源文件</Filter>
    </Image>
    <Image Include="DIRT_PATH3.png">
      <Filter>资源文件</Filter>
    </Image>
    <Image Include="DIRT_PATH2.png">
      <Filter>资源文件</Filter>
    </Image>
    <Image Include="DIRT_PATH1.png">
      <Filter>资源文件</Filter>
    </Image>
    <Image Include="DIRT_PATH0.png">
      <Filter>资源文件</Filter>
    </Image>
    <Image Include="Climb.png">
      <Filter>资源文件</Filter>
    </Image>
  </ItemGroup>
</Project>